
Microsoft Visual Studio Solution File, Format Version 12.00
# Visual Studio 15
VisualStudioVersion = 15.0.27428.2005
MinimumVisualStudioVersion = 10.0.40219.1
Project("{FAE04EC0-301F-11D3-BF4B-00C04F79EFBC}") = "BankApplication", "BankApplication\BankApplication.csproj", "{1FC173A7-63E3-4B1F-A321-5177F1C04C69}"
EndProject
Project("{FAE04EC0-301F-11D3-BF4B-00C04F79EFBC}") = "BankLibrary", "BankLibrary\BankLibrary.csproj", "{28626A82-9F2F-423C-95F3-B2A83CA5FB4B}"
EndProject
Global
	GlobalSection(SolutionConfigurationPlatforms) = preSolution
		Debug|Any CPU = Debug|Any CPU
		Release|Any CPU = Release|Any CPU
	EndGlobalSection
	GlobalSection(ProjectConfigurationPlatforms) = postSolution
		{1FC173A7-63E3-4B1F-A321-5177F1C04C69}.Debug|Any CPU.ActiveCfg = Debug|Any CPU
		{1FC173A7-63E3-4B1F-A321-5177F1C04C69}.Debug|Any CPU.Build.0 = Debug|Any CPU
		{1FC173A7-63E3-4B1F-A321-5177F1C04C69}.Release|Any CPU.ActiveCfg = Release|Any CPU
		{1FC173A7-63E3-4B1F-A321-5177F1C04C69}.Release|Any CPU.Build.0 = Release|Any CPU
		{28626A82-9F2F-423C-95F3-B2A83CA5FB4B}.Debug|Any CPU.ActiveCfg = Debug|Any CPU
		{28626A82-9F2F-423C-95F3-B2A83CA5FB4B}.Debug|Any CPU.Build.0 = Debug|Any CPU
		{28626A82-9F2F-423C-95F3-B2A83CA5FB4B}.Release|Any CPU.ActiveCfg = Release|Any CPU
		{28626A82-9F2F-423C-95F3-B2A83CA5FB4B}.Release|Any CPU.Build.0 = Release|Any CPU
	EndGlobalSection
	GlobalSection(SolutionProperties) = preSolution
		HideSolutionNode = FALSE
	EndGlobalSection
	GlobalSection(ExtensibilityGlobals) = postSolution
		SolutionGuid = {00BA3E12-76EE-43D7-942A-EE86CC9B8CB9}
	EndGlobalSection
EndGlobal
